// !$*UTF8*$!
{
	archiveVersion = 1;
	classes = {
	};
	objectVersion = 46;
	objects = {

/* Begin PBXBuildFile section */
		07152FC818BBB94E007035A2 /* Account.h in Headers */ = {isa = PBXBuildFile; fileRef = 07152FC618BBB94E007035A2 /* Account.h */; };
		07152FC918BBB94E007035A2 /* Account.m in Sources */ = {isa = PBXBuildFile; fileRef = 07152FC718BBB94E007035A2 /* Account.m */; };
		07152FCC18BBC3CF007035A2 /* BitcoindNode.h in Headers */ = {isa = PBXBuildFile; fileRef = 07152FCA18BBC3CF007035A2 /* BitcoindNode.h */; };
		07152FCD18BBC3CF007035A2 /* BitcoindNode.m in Sources */ = {isa = PBXBuildFile; fileRef = 07152FCB18BBC3CF007035A2 /* BitcoindNode.m */; };
		07152FE218BD06CB007035A2 /* getblock.json in Resources */ = {isa = PBXBuildFile; fileRef = 07152FDA18BD06CB007035A2 /* getblock.json */; };
		07152FE318BD06CB007035A2 /* getinfo.json in Resources */ = {isa = PBXBuildFile; fileRef = 07152FDB18BD06CB007035A2 /* getinfo.json */; };
		07152FE418BD06CB007035A2 /* getpeerinfo.json in Resources */ = {isa = PBXBuildFile; fileRef = 07152FDC18BD06CB007035A2 /* getpeerinfo.json */; };
		07152FE518BD06CB007035A2 /* getrawtransaction.json in Resources */ = {isa = PBXBuildFile; fileRef = 07152FDD18BD06CB007035A2 /* getrawtransaction.json */; };
		07152FE618BD06CB007035A2 /* gettransaction.json in Resources */ = {isa = PBXBuildFile; fileRef = 07152FDE18BD06CB007035A2 /* gettransaction.json */; };
		07152FE718BD06CB007035A2 /* listaccounts.json in Resources */ = {isa = PBXBuildFile; fileRef = 07152FDF18BD06CB007035A2 /* listaccounts.json */; };
		07152FE818BD06CB007035A2 /* listunspent.json in Resources */ = {isa = PBXBuildFile; fileRef = 07152FE018BD06CB007035A2 /* listunspent.json */; };
		07152FE918BD06CB007035A2 /* validateaddress.json in Resources */ = {isa = PBXBuildFile; fileRef = 07152FE118BD06CB007035A2 /* validateaddress.json */; };
		07152FF018BD1B1D007035A2 /* BitcoindJSONRPCClientTests.m in Sources */ = {isa = PBXBuildFile; fileRef = 07152FEF18BD1B1D007035A2 /* BitcoindJSONRPCClientTests.m */; };
		07253EA818C01F2300689FD2 /* getreceivedbyaccount.json in Resources */ = {isa = PBXBuildFile; fileRef = 07253EA718C01F2300689FD2 /* getreceivedbyaccount.json */; };
		07253EAA18C01F4600689FD2 /* getreceivedbyaccount_test_9999999.json in Resources */ = {isa = PBXBuildFile; fileRef = 07253EA918C01F4600689FD2 /* getreceivedbyaccount_test_9999999.json */; };
		07253EAC18C02CEB00689FD2 /* getnewaddress.json in Resources */ = {isa = PBXBuildFile; fileRef = 07253EAB18C02CEB00689FD2 /* getnewaddress.json */; };
		07253EAE18C02DE600689FD2 /* getreceivedbyaddress.json in Resources */ = {isa = PBXBuildFile; fileRef = 07253EAD18C02DE600689FD2 /* getreceivedbyaddress.json */; };
		07253EB218C051AA00689FD2 /* getblockcount.json in Resources */ = {isa = PBXBuildFile; fileRef = 07253EB118C051AA00689FD2 /* getblockcount.json */; };
		07253EB518C053AF00689FD2 /* Contstants.h in Headers */ = {isa = PBXBuildFile; fileRef = 07253EB318C053AF00689FD2 /* Contstants.h */; };
		07253EB618C053AF00689FD2 /* Contstants.m in Sources */ = {isa = PBXBuildFile; fileRef = 07253EB418C053AF00689FD2 /* Contstants.m */; };
		07253EB818C0587F00689FD2 /* gethashespersecond.json in Resources */ = {isa = PBXBuildFile; fileRef = 07253EB718C0587F00689FD2 /* gethashespersecond.json */; };
		07253EBA18C0FC5F00689FD2 /* getdifficulty.json in Resources */ = {isa = PBXBuildFile; fileRef = 07253EB918C0FC5F00689FD2 /* getdifficulty.json */; };
		0743BFCA189DC22800464FD9 /* Cocoa.framework in Frameworks */ = {isa = PBXBuildFile; fileRef = 0743BFC9189DC22800464FD9 /* Cocoa.framework */; };
		0743BFD4189DC22800464FD9 /* ObjectiveBitcoin.m in Sources */ = {isa = PBXBuildFile; fileRef = 0743BFD3189DC22800464FD9 /* ObjectiveBitcoin.m */; };
		0743BFDB189DC22800464FD9 /* XCTest.framework in Frameworks */ = {isa = PBXBuildFile; fileRef = 0743BFDA189DC22800464FD9 /* XCTest.framework */; };
		0743BFDC189DC22900464FD9 /* Cocoa.framework in Frameworks */ = {isa = PBXBuildFile; fileRef = 0743BFC9189DC22800464FD9 /* Cocoa.framework */; };
		0743BFDF189DC22900464FD9 /* libObjectiveBitcoin.a in Frameworks */ = {isa = PBXBuildFile; fileRef = 0743BFC6189DC22800464FD9 /* libObjectiveBitcoin.a */; };
		0743BFE5189DC22900464FD9 /* InfoPlist.strings in Resources */ = {isa = PBXBuildFile; fileRef = 0743BFE3189DC22900464FD9 /* InfoPlist.strings */; };
		0743BFE7189DC22900464FD9 /* ObjectiveBitcoinTests.m in Sources */ = {isa = PBXBuildFile; fileRef = 0743BFE6189DC22900464FD9 /* ObjectiveBitcoinTests.m */; };
		0743BFF2189DC27600464FD9 /* BitcoinBlock.h in Headers */ = {isa = PBXBuildFile; fileRef = 0743BFF0189DC27600464FD9 /* BitcoinBlock.h */; };
		0743BFF3189DC27600464FD9 /* BitcoinBlock.m in Sources */ = {isa = PBXBuildFile; fileRef = 0743BFF1189DC27600464FD9 /* BitcoinBlock.m */; };
		0743BFF6189E9B6600464FD9 /* BitcoinRawTransaction.h in Headers */ = {isa = PBXBuildFile; fileRef = 0743BFF4189E9B6600464FD9 /* BitcoinRawTransaction.h */; };
		0743BFF7189E9B6600464FD9 /* BitcoinRawTransaction.m in Sources */ = {isa = PBXBuildFile; fileRef = 0743BFF5189E9B6600464FD9 /* BitcoinRawTransaction.m */; };
		07745BA918B9078A0096A376 /* BitcoindJSONRPCClient.h in Headers */ = {isa = PBXBuildFile; fileRef = 07745BA718B9078A0096A376 /* BitcoindJSONRPCClient.h */; };
		07745BAA18B9078A0096A376 /* BitcoindJSONRPCClient.m in Sources */ = {isa = PBXBuildFile; fileRef = 07745BA818B9078A0096A376 /* BitcoindJSONRPCClient.m */; };
		07745BAD18B911E50096A376 /* BitcoindInfo.h in Headers */ = {isa = PBXBuildFile; fileRef = 07745BAB18B911E50096A376 /* BitcoindInfo.h */; };
		07745BAE18B911E50096A376 /* BitcoindInfo.m in Sources */ = {isa = PBXBuildFile; fileRef = 07745BAC18B911E50096A376 /* BitcoindInfo.m */; };
		07920D1018BA96630076BE43 /* BitcoinAddress.h in Headers */ = {isa = PBXBuildFile; fileRef = 07920D0E18BA96630076BE43 /* BitcoinAddress.h */; };
		07920D1118BA96630076BE43 /* BitcoinAddress.m in Sources */ = {isa = PBXBuildFile; fileRef = 07920D0F18BA96630076BE43 /* BitcoinAddress.m */; };
		07B46EB418C299A000DEAD3D /* getrawmempool.json in Resources */ = {isa = PBXBuildFile; fileRef = 07B46EB318C299A000DEAD3D /* getrawmempool.json */; };
		07C7CE3418C4413600F501DE /* getmininginfo.json in Resources */ = {isa = PBXBuildFile; fileRef = 07C7CE3318C4413600F501DE /* getmininginfo.json */; };
		07C7CE3618C50EDE00F501DE /* getblockhash.json in Resources */ = {isa = PBXBuildFile; fileRef = 07C7CE3518C50EDE00F501DE /* getblockhash.json */; };
		07C7CE3818C6D4F800F501DE /* getwork.json in Resources */ = {isa = PBXBuildFile; fileRef = 07C7CE3718C6D4F800F501DE /* getwork.json */; };
		07C7CE3A18C7BF5D00F501DE /* getworkfordata.json in Resources */ = {isa = PBXBuildFile; fileRef = 07C7CE3918C7BF5D00F501DE /* getworkfordata.json */; };
		07CAF55F18BF09C600A7C3F1 /* getbalance_test_1.json in Resources */ = {isa = PBXBuildFile; fileRef = 07CAF55D18BF09C600A7C3F1 /* getbalance_test_1.json */; };
		07CAF56018BF09C600A7C3F1 /* getbalance.json in Resources */ = {isa = PBXBuildFile; fileRef = 07CAF55E18BF09C600A7C3F1 /* getbalance.json */; };
		07D0067718B02F1B00D68CC8 /* BitcoinTransaction.h in Headers */ = {isa = PBXBuildFile; fileRef = 07D0067518B02F1B00D68CC8 /* BitcoinTransaction.h */; };
		07D0067818B02F1B00D68CC8 /* BitcoinTransaction.m in Sources */ = {isa = PBXBuildFile; fileRef = 07D0067618B02F1B00D68CC8 /* BitcoinTransaction.m */; };
		07D006BA18B0681C00D68CC8 /* Foundation.framework in Frameworks */ = {isa = PBXBuildFile; fileRef = 0743BFCC189DC22800464FD9 /* Foundation.framework */; };
		07D006BC18B0682600D68CC8 /* SystemConfiguration.framework in Frameworks */ = {isa = PBXBuildFile; fileRef = 07D006BB18B0682600D68CC8 /* SystemConfiguration.framework */; };
		07D4A4E518CA01AD00C588C8 /* dumpprivatekeyforaddress.json in Resources */ = {isa = PBXBuildFile; fileRef = 07D4A4E418CA01AD00C588C8 /* dumpprivatekeyforaddress.json */; };
		07E9589A18C251C9001E7FFA /* getgenerate.json in Resources */ = {isa = PBXBuildFile; fileRef = 07E9589918C251C9001E7FFA /* getgenerate.json */; };
		07FEF6FE18C24E39007D1FA4 /* getconnectioncount.json in Resources */ = {isa = PBXBuildFile; fileRef = 07FEF6FD18C24E39007D1FA4 /* getconnectioncount.json */; };
		AA92F7453D0146BA80ADD1F7 /* libPods.a in Frameworks */ = {isa = PBXBuildFile; fileRef = 2CC1F2CF72DB4DB1AAFBC821 /* libPods.a */; };
/* End PBXBuildFile section */

/* Begin PBXContainerItemProxy section */
		0743BFDD189DC22900464FD9 /* PBXContainerItemProxy */ = {
			isa = PBXContainerItemProxy;
			containerPortal = 0743BFBE189DC22800464FD9 /* Project object */;
			proxyType = 1;
			remoteGlobalIDString = 0743BFC5189DC22800464FD9;
			remoteInfo = ObjectiveBitcoin;
		};
/* End PBXContainerItemProxy section */

/* Begin PBXFileReference section */
		07152FC618BBB94E007035A2 /* Account.h */ = {isa = PBXFileReference; fileEncoding = 4; lastKnownFileType = sourcecode.c.h; path = Account.h; sourceTree = "<group>"; };
		07152FC718BBB94E007035A2 /* Account.m */ = {isa = PBXFileReference; fileEncoding = 4; lastKnownFileType = sourcecode.c.objc; path = Account.m; sourceTree = "<group>"; };
		07152FCA18BBC3CF007035A2 /* BitcoindNode.h */ = {isa = PBXFileReference; fileEncoding = 4; lastKnownFileType = sourcecode.c.h; path = BitcoindNode.h; sourceTree = "<group>"; };
		07152FCB18BBC3CF007035A2 /* BitcoindNode.m */ = {isa = PBXFileReference; fileEncoding = 4; lastKnownFileType = sourcecode.c.objc; path = BitcoindNode.m; sourceTree = "<group>"; };
		07152FDA18BD06CB007035A2 /* getblock.json */ = {isa = PBXFileReference; fileEncoding = 4; lastKnownFileType = text.json; path = getblock.json; sourceTree = "<group>"; };
		07152FDB18BD06CB007035A2 /* getinfo.json */ = {isa = PBXFileReference; fileEncoding = 4; lastKnownFileType = text.json; path = getinfo.json; sourceTree = "<group>"; };
		07152FDC18BD06CB007035A2 /* getpeerinfo.json */ = {isa = PBXFileReference; fileEncoding = 4; lastKnownFileType = text.json; path = getpeerinfo.json; sourceTree = "<group>"; };
		07152FDD18BD06CB007035A2 /* getrawtransaction.json */ = {isa = PBXFileReference; fileEncoding = 4; lastKnownFileType = text.json; path = getrawtransaction.json; sourceTree = "<group>"; };
		07152FDE18BD06CB007035A2 /* gettransaction.json */ = {isa = PBXFileReference; fileEncoding = 4; lastKnownFileType = text.json; path = gettransaction.json; sourceTree = "<group>"; };
		07152FDF18BD06CB007035A2 /* listaccounts.json */ = {isa = PBXFileReference; fileEncoding = 4; lastKnownFileType = text.json; path = listaccounts.json; sourceTree = "<group>"; };
		07152FE018BD06CB007035A2 /* listunspent.json */ = {isa = PBXFileReference; fileEncoding = 4; lastKnownFileType = text.json; path = listunspent.json; sourceTree = "<group>"; };
		07152FE118BD06CB007035A2 /* validateaddress.json */ = {isa = PBXFileReference; fileEncoding = 4; lastKnownFileType = text.json; path = validateaddress.json; sourceTree = "<group>"; };
		07152FEF18BD1B1D007035A2 /* BitcoindJSONRPCClientTests.m */ = {isa = PBXFileReference; fileEncoding = 4; lastKnownFileType = sourcecode.c.objc; path = BitcoindJSONRPCClientTests.m; sourceTree = "<group>"; };
		07253EA718C01F2300689FD2 /* getreceivedbyaccount.json */ = {isa = PBXFileReference; fileEncoding = 4; lastKnownFileType = text.json; path = getreceivedbyaccount.json; sourceTree = "<group>"; };
		07253EA918C01F4600689FD2 /* getreceivedbyaccount_test_9999999.json */ = {isa = PBXFileReference; fileEncoding = 4; lastKnownFileType = text.json; path = getreceivedbyaccount_test_9999999.json; sourceTree = "<group>"; };
		07253EAB18C02CEB00689FD2 /* getnewaddress.json */ = {isa = PBXFileReference; fileEncoding = 4; lastKnownFileType = text.json; path = getnewaddress.json; sourceTree = "<group>"; };
		07253EAD18C02DE600689FD2 /* getreceivedbyaddress.json */ = {isa = PBXFileReference; fileEncoding = 4; lastKnownFileType = text.json; path = getreceivedbyaddress.json; sourceTree = "<group>"; };
		07253EB118C051AA00689FD2 /* getblockcount.json */ = {isa = PBXFileReference; fileEncoding = 4; lastKnownFileType = text.json; path = getblockcount.json; sourceTree = "<group>"; };
		07253EB318C053AF00689FD2 /* Contstants.h */ = {isa = PBXFileReference; fileEncoding = 4; lastKnownFileType = sourcecode.c.h; path = Contstants.h; sourceTree = "<group>"; };
		07253EB418C053AF00689FD2 /* Contstants.m */ = {isa = PBXFileReference; fileEncoding = 4; lastKnownFileType = sourcecode.c.objc; path = Contstants.m; sourceTree = "<group>"; };
		07253EB718C0587F00689FD2 /* gethashespersecond.json */ = {isa = PBXFileReference; fileEncoding = 4; lastKnownFileType = text.json; path = gethashespersecond.json; sourceTree = "<group>"; };
		07253EB918C0FC5F00689FD2 /* getdifficulty.json */ = {isa = PBXFileReference; fileEncoding = 4; lastKnownFileType = text.json; path = getdifficulty.json; sourceTree = "<group>"; };
		0743BFC6189DC22800464FD9 /* libObjectiveBitcoin.a */ = {isa = PBXFileReference; explicitFileType = archive.ar; includeInIndex = 0; path = libObjectiveBitcoin.a; sourceTree = BUILT_PRODUCTS_DIR; };
		0743BFC9189DC22800464FD9 /* Cocoa.framework */ = {isa = PBXFileReference; lastKnownFileType = wrapper.framework; name = Cocoa.framework; path = System/Library/Frameworks/Cocoa.framework; sourceTree = SDKROOT; };
		0743BFCC189DC22800464FD9 /* Foundation.framework */ = {isa = PBXFileReference; lastKnownFileType = wrapper.framework; name = Foundation.framework; path = System/Library/Frameworks/Foundation.framework; sourceTree = SDKROOT; };
		0743BFCD189DC22800464FD9 /* CoreData.framework */ = {isa = PBXFileReference; lastKnownFileType = wrapper.framework; name = CoreData.framework; path = System/Library/Frameworks/CoreData.framework; sourceTree = SDKROOT; };
		0743BFCE189DC22800464FD9 /* AppKit.framework */ = {isa = PBXFileReference; lastKnownFileType = wrapper.framework; name = AppKit.framework; path = System/Library/Frameworks/AppKit.framework; sourceTree = SDKROOT; };
		0743BFD1189DC22800464FD9 /* ObjectiveBitcoin-Prefix.pch */ = {isa = PBXFileReference; lastKnownFileType = sourcecode.c.h; path = "ObjectiveBitcoin-Prefix.pch"; sourceTree = "<group>"; };
		0743BFD2189DC22800464FD9 /* ObjectiveBitcoin.h */ = {isa = PBXFileReference; lastKnownFileType = sourcecode.c.h; path = ObjectiveBitcoin.h; sourceTree = "<group>"; };
		0743BFD3189DC22800464FD9 /* ObjectiveBitcoin.m */ = {isa = PBXFileReference; lastKnownFileType = sourcecode.c.objc; path = ObjectiveBitcoin.m; sourceTree = "<group>"; };
		0743BFD9189DC22800464FD9 /* ObjectiveBitcoinTests.xctest */ = {isa = PBXFileReference; explicitFileType = wrapper.cfbundle; includeInIndex = 0; path = ObjectiveBitcoinTests.xctest; sourceTree = BUILT_PRODUCTS_DIR; };
		0743BFDA189DC22800464FD9 /* XCTest.framework */ = {isa = PBXFileReference; lastKnownFileType = wrapper.framework; name = XCTest.framework; path = Library/Frameworks/XCTest.framework; sourceTree = DEVELOPER_DIR; };
		0743BFE2189DC22900464FD9 /* ObjectiveBitcoinTests-Info.plist */ = {isa = PBXFileReference; lastKnownFileType = text.plist.xml; path = "ObjectiveBitcoinTests-Info.plist"; sourceTree = "<group>"; };
		0743BFE4189DC22900464FD9 /* en */ = {isa = PBXFileReference; lastKnownFileType = text.plist.strings; name = en; path = en.lproj/InfoPlist.strings; sourceTree = "<group>"; };
		0743BFE6189DC22900464FD9 /* ObjectiveBitcoinTests.m */ = {isa = PBXFileReference; lastKnownFileType = sourcecode.c.objc; path = ObjectiveBitcoinTests.m; sourceTree = "<group>"; };
		0743BFF0189DC27600464FD9 /* BitcoinBlock.h */ = {isa = PBXFileReference; fileEncoding = 4; lastKnownFileType = sourcecode.c.h; path = BitcoinBlock.h; sourceTree = "<group>"; };
		0743BFF1189DC27600464FD9 /* BitcoinBlock.m */ = {isa = PBXFileReference; fileEncoding = 4; lastKnownFileType = sourcecode.c.objc; path = BitcoinBlock.m; sourceTree = "<group>"; };
		0743BFF4189E9B6600464FD9 /* BitcoinRawTransaction.h */ = {isa = PBXFileReference; fileEncoding = 4; lastKnownFileType = sourcecode.c.h; path = BitcoinRawTransaction.h; sourceTree = "<group>"; };
		0743BFF5189E9B6600464FD9 /* BitcoinRawTransaction.m */ = {isa = PBXFileReference; fileEncoding = 4; lastKnownFileType = sourcecode.c.objc; path = BitcoinRawTransaction.m; sourceTree = "<group>"; };
		07745BA718B9078A0096A376 /* BitcoindJSONRPCClient.h */ = {isa = PBXFileReference; fileEncoding = 4; lastKnownFileType = sourcecode.c.h; path = BitcoindJSONRPCClient.h; sourceTree = "<group>"; };
		07745BA818B9078A0096A376 /* BitcoindJSONRPCClient.m */ = {isa = PBXFileReference; fileEncoding = 4; lastKnownFileType = sourcecode.c.objc; path = BitcoindJSONRPCClient.m; sourceTree = "<group>"; };
		07745BAB18B911E50096A376 /* BitcoindInfo.h */ = {isa = PBXFileReference; fileEncoding = 4; lastKnownFileType = sourcecode.c.h; path = BitcoindInfo.h; sourceTree = "<group>"; };
		07745BAC18B911E50096A376 /* BitcoindInfo.m */ = {isa = PBXFileReference; fileEncoding = 4; lastKnownFileType = sourcecode.c.objc; path = BitcoindInfo.m; sourceTree = "<group>"; };
		07920D0E18BA96630076BE43 /* BitcoinAddress.h */ = {isa = PBXFileReference; fileEncoding = 4; lastKnownFileType = sourcecode.c.h; path = BitcoinAddress.h; sourceTree = "<group>"; };
		07920D0F18BA96630076BE43 /* BitcoinAddress.m */ = {isa = PBXFileReference; fileEncoding = 4; lastKnownFileType = sourcecode.c.objc; path = BitcoinAddress.m; sourceTree = "<group>"; };
		07B46EB318C299A000DEAD3D /* getrawmempool.json */ = {isa = PBXFileReference; fileEncoding = 4; lastKnownFileType = text.json; path = getrawmempool.json; sourceTree = "<group>"; };
		07C7CE3318C4413600F501DE /* getmininginfo.json */ = {isa = PBXFileReference; fileEncoding = 4; lastKnownFileType = text.json; path = getmininginfo.json; sourceTree = "<group>"; };
		07C7CE3518C50EDE00F501DE /* getblockhash.json */ = {isa = PBXFileReference; fileEncoding = 4; lastKnownFileType = text.json; path = getblockhash.json; sourceTree = "<group>"; };
		07C7CE3718C6D4F800F501DE /* getwork.json */ = {isa = PBXFileReference; fileEncoding = 4; lastKnownFileType = text.json; path = getwork.json; sourceTree = "<group>"; };
		07C7CE3918C7BF5D00F501DE /* getworkfordata.json */ = {isa = PBXFileReference; fileEncoding = 4; lastKnownFileType = text.json; path = getworkfordata.json; sourceTree = "<group>"; };
		07CAF55D18BF09C600A7C3F1 /* getbalance_test_1.json */ = {isa = PBXFileReference; fileEncoding = 4; lastKnownFileType = text.json; path = getbalance_test_1.json; sourceTree = "<group>"; };
		07CAF55E18BF09C600A7C3F1 /* getbalance.json */ = {isa = PBXFileReference; fileEncoding = 4; lastKnownFileType = text.json; path = getbalance.json; sourceTree = "<group>"; };
		07D0067518B02F1B00D68CC8 /* BitcoinTransaction.h */ = {isa = PBXFileReference; fileEncoding = 4; lastKnownFileType = sourcecode.c.h; path = BitcoinTransaction.h; sourceTree = "<group>"; };
		07D0067618B02F1B00D68CC8 /* BitcoinTransaction.m */ = {isa = PBXFileReference; fileEncoding = 4; lastKnownFileType = sourcecode.c.objc; path = BitcoinTransaction.m; sourceTree = "<group>"; };
		07D006B918B0424F00D68CC8 /* ObjectiveBitcoin.podspec */ = {isa = PBXFileReference; fileEncoding = 4; lastKnownFileType = text; path = ObjectiveBitcoin.podspec; sourceTree = SOURCE_ROOT; };
		07D006BB18B0682600D68CC8 /* SystemConfiguration.framework */ = {isa = PBXFileReference; lastKnownFileType = wrapper.framework; name = SystemConfiguration.framework; path = System/Library/Frameworks/SystemConfiguration.framework; sourceTree = SDKROOT; };
		07D4A4E418CA01AD00C588C8 /* dumpprivatekeyforaddress.json */ = {isa = PBXFileReference; fileEncoding = 4; lastKnownFileType = text.json; path = dumpprivatekeyforaddress.json; sourceTree = "<group>"; };
		07E3109718BED40000D21361 /* libPods-OHHTTPStubs.a */ = {isa = PBXFileReference; lastKnownFileType = archive.ar; name = "libPods-OHHTTPStubs.a"; path = "../../../../Library/Developer/Xcode/DerivedData/ObjectiveBitcoin-bvtqsoqqlgkwwbbgdgsvdfuptere/Build/Products/Debug/libPods-OHHTTPStubs.a"; sourceTree = "<group>"; };
		07E9589918C251C9001E7FFA /* getgenerate.json */ = {isa = PBXFileReference; fileEncoding = 4; lastKnownFileType = text.json; path = getgenerate.json; sourceTree = "<group>"; };
		07FEF6FD18C24E39007D1FA4 /* getconnectioncount.json */ = {isa = PBXFileReference; fileEncoding = 4; lastKnownFileType = text.json; path = getconnectioncount.json; sourceTree = "<group>"; };
		2CC1F2CF72DB4DB1AAFBC821 /* libPods.a */ = {isa = PBXFileReference; explicitFileType = archive.ar; includeInIndex = 0; path = libPods.a; sourceTree = BUILT_PRODUCTS_DIR; };
		425FE78FF73B4764AE68215B /* Pods.xcconfig */ = {isa = PBXFileReference; includeInIndex = 1; lastKnownFileType = text.xcconfig; name = Pods.xcconfig; path = Pods/Pods.xcconfig; sourceTree = "<group>"; };
/* End PBXFileReference section */

/* Begin PBXFrameworksBuildPhase section */
		0743BFC3189DC22800464FD9 /* Frameworks */ = {
			isa = PBXFrameworksBuildPhase;
			buildActionMask = 2147483647;
			files = (
				07D006BC18B0682600D68CC8 /* SystemConfiguration.framework in Frameworks */,
				07D006BA18B0681C00D68CC8 /* Foundation.framework in Frameworks */,
				0743BFCA189DC22800464FD9 /* Cocoa.framework in Frameworks */,
				AA92F7453D0146BA80ADD1F7 /* libPods.a in Frameworks */,
			);
			runOnlyForDeploymentPostprocessing = 0;
		};
		0743BFD6189DC22800464FD9 /* Frameworks */ = {
			isa = PBXFrameworksBuildPhase;
			buildActionMask = 2147483647;
			files = (
				0743BFDC189DC22900464FD9 /* Cocoa.framework in Frameworks */,
				0743BFDF189DC22900464FD9 /* libObjectiveBitcoin.a in Frameworks */,
				0743BFDB189DC22800464FD9 /* XCTest.framework in Frameworks */,
			);
			runOnlyForDeploymentPostprocessing = 0;
		};
/* End PBXFrameworksBuildPhase section */

/* Begin PBXGroup section */
		07152FEB18BD0912007035A2 /* JSON */ = {
			isa = PBXGroup;
			children = (
				07CAF55D18BF09C600A7C3F1 /* getbalance_test_1.json */,
				07CAF55E18BF09C600A7C3F1 /* getbalance.json */,
				07152FDA18BD06CB007035A2 /* getblock.json */,
				07FEF6FD18C24E39007D1FA4 /* getconnectioncount.json */,
				07E9589918C251C9001E7FFA /* getgenerate.json */,
				07152FDB18BD06CB007035A2 /* getinfo.json */,
				07152FDC18BD06CB007035A2 /* getpeerinfo.json */,
				07152FDD18BD06CB007035A2 /* getrawtransaction.json */,
				07152FDE18BD06CB007035A2 /* gettransaction.json */,
				07253EAB18C02CEB00689FD2 /* getnewaddress.json */,
				07253EAD18C02DE600689FD2 /* getreceivedbyaddress.json */,
				07B46EB318C299A000DEAD3D /* getrawmempool.json */,
				07C7CE3318C4413600F501DE /* getmininginfo.json */,
				07C7CE3518C50EDE00F501DE /* getblockhash.json */,
				07253EB918C0FC5F00689FD2 /* getdifficulty.json */,
				07152FDF18BD06CB007035A2 /* listaccounts.json */,
				07152FE018BD06CB007035A2 /* listunspent.json */,
				07152FE118BD06CB007035A2 /* validateaddress.json */,
				07253EA718C01F2300689FD2 /* getreceivedbyaccount.json */,
				07253EA918C01F4600689FD2 /* getreceivedbyaccount_test_9999999.json */,
				07253EB118C051AA00689FD2 /* getblockcount.json */,
				07253EB718C0587F00689FD2 /* gethashespersecond.json */,
				07C7CE3718C6D4F800F501DE /* getwork.json */,
				07D4A4E418CA01AD00C588C8 /* dumpprivatekeyforaddress.json */,
				07C7CE3918C7BF5D00F501DE /* getworkfordata.json */,
			);
			name = JSON;
			sourceTree = "<group>";
		};
		0743BFBD189DC22800464FD9 = {
			isa = PBXGroup;
			children = (
				0743BFCF189DC22800464FD9 /* ObjectiveBitcoin */,
				0743BFE0189DC22900464FD9 /* ObjectiveBitcoinTests */,
				0743BFC8189DC22800464FD9 /* Frameworks */,
				0743BFC7189DC22800464FD9 /* Products */,
				425FE78FF73B4764AE68215B /* Pods.xcconfig */,
			);
			sourceTree = "<group>";
		};
		0743BFC7189DC22800464FD9 /* Products */ = {
			isa = PBXGroup;
			children = (
				0743BFC6189DC22800464FD9 /* libObjectiveBitcoin.a */,
				0743BFD9189DC22800464FD9 /* ObjectiveBitcoinTests.xctest */,
			);
			name = Products;
			sourceTree = "<group>";
		};
		0743BFC8189DC22800464FD9 /* Frameworks */ = {
			isa = PBXGroup;
			children = (
				07E3109718BED40000D21361 /* libPods-OHHTTPStubs.a */,
				07D006BB18B0682600D68CC8 /* SystemConfiguration.framework */,
				0743BFC9189DC22800464FD9 /* Cocoa.framework */,
				0743BFDA189DC22800464FD9 /* XCTest.framework */,
				0743BFCB189DC22800464FD9 /* Other Frameworks */,
				2CC1F2CF72DB4DB1AAFBC821 /* libPods.a */,
			);
			name = Frameworks;
			sourceTree = "<group>";
		};
		0743BFCB189DC22800464FD9 /* Other Frameworks */ = {
			isa = PBXGroup;
			children = (
				0743BFCC189DC22800464FD9 /* Foundation.framework */,
				0743BFCD189DC22800464FD9 /* CoreData.framework */,
				0743BFCE189DC22800464FD9 /* AppKit.framework */,
			);
			name = "Other Frameworks";
			sourceTree = "<group>";
		};
		0743BFCF189DC22800464FD9 /* ObjectiveBitcoin */ = {
			isa = PBXGroup;
			children = (
				07D006B918B0424F00D68CC8 /* ObjectiveBitcoin.podspec */,
				07253EB318C053AF00689FD2 /* Contstants.h */,
				07253EB418C053AF00689FD2 /* Contstants.m */,
				0743BFD2189DC22800464FD9 /* ObjectiveBitcoin.h */,
				0743BFD3189DC22800464FD9 /* ObjectiveBitcoin.m */,
				07745BA718B9078A0096A376 /* BitcoindJSONRPCClient.h */,
				07745BA818B9078A0096A376 /* BitcoindJSONRPCClient.m */,
				07152FC618BBB94E007035A2 /* Account.h */,
				07152FC718BBB94E007035A2 /* Account.m */,
				07920D0E18BA96630076BE43 /* BitcoinAddress.h */,
				07920D0F18BA96630076BE43 /* BitcoinAddress.m */,
				07745BAB18B911E50096A376 /* BitcoindInfo.h */,
				07745BAC18B911E50096A376 /* BitcoindInfo.m */,
				0743BFF0189DC27600464FD9 /* BitcoinBlock.h */,
				0743BFF1189DC27600464FD9 /* BitcoinBlock.m */,
				07152FCA18BBC3CF007035A2 /* BitcoindNode.h */,
				07152FCB18BBC3CF007035A2 /* BitcoindNode.m */,
				0743BFF4189E9B6600464FD9 /* BitcoinRawTransaction.h */,
				0743BFF5189E9B6600464FD9 /* BitcoinRawTransaction.m */,
				07D0067518B02F1B00D68CC8 /* BitcoinTransaction.h */,
				07D0067618B02F1B00D68CC8 /* BitcoinTransaction.m */,
				0743BFD0189DC22800464FD9 /* Supporting Files */,
			);
			path = ObjectiveBitcoin;
			sourceTree = "<group>";
		};
		0743BFD0189DC22800464FD9 /* Supporting Files */ = {
			isa = PBXGroup;
			children = (
				0743BFD1189DC22800464FD9 /* ObjectiveBitcoin-Prefix.pch */,
			);
			name = "Supporting Files";
			sourceTree = "<group>";
		};
		0743BFE0189DC22900464FD9 /* ObjectiveBitcoinTests */ = {
			isa = PBXGroup;
			children = (
				0743BFE6189DC22900464FD9 /* ObjectiveBitcoinTests.m */,
				07152FEF18BD1B1D007035A2 /* BitcoindJSONRPCClientTests.m */,
				0743BFE1189DC22900464FD9 /* Supporting Files */,
			);
			path = ObjectiveBitcoinTests;
			sourceTree = "<group>";
		};
		0743BFE1189DC22900464FD9 /* Supporting Files */ = {
			isa = PBXGroup;
			children = (
				07152FEB18BD0912007035A2 /* JSON */,
				0743BFE2189DC22900464FD9 /* ObjectiveBitcoinTests-Info.plist */,
				0743BFE3189DC22900464FD9 /* InfoPlist.strings */,
			);
			name = "Supporting Files";
			sourceTree = "<group>";
		};
/* End PBXGroup section */

/* Begin PBXHeadersBuildPhase section */
		0743BFC4189DC22800464FD9 /* Headers */ = {
			isa = PBXHeadersBuildPhase;
			buildActionMask = 2147483647;
			files = (
				07D0067718B02F1B00D68CC8 /* BitcoinTransaction.h in Headers */,
				07152FC818BBB94E007035A2 /* Account.h in Headers */,
				07745BAD18B911E50096A376 /* BitcoindInfo.h in Headers */,
				07253EB518C053AF00689FD2 /* Contstants.h in Headers */,
				07920D1018BA96630076BE43 /* BitcoinAddress.h in Headers */,
				0743BFF2189DC27600464FD9 /* BitcoinBlock.h in Headers */,
				0743BFF6189E9B6600464FD9 /* BitcoinRawTransaction.h in Headers */,
				07152FCC18BBC3CF007035A2 /* BitcoindNode.h in Headers */,
				07745BA918B9078A0096A376 /* BitcoindJSONRPCClient.h in Headers */,
			);
			runOnlyForDeploymentPostprocessing = 0;
		};
/* End PBXHeadersBuildPhase section */

/* Begin PBXNativeTarget section */
		0743BFC5189DC22800464FD9 /* ObjectiveBitcoin */ = {
			isa = PBXNativeTarget;
			buildConfigurationList = 0743BFEA189DC22900464FD9 /* Build configuration list for PBXNativeTarget "ObjectiveBitcoin" */;
			buildPhases = (
				382A1DBD27404992A7B8F48F /* Check Pods Manifest.lock */,
				0743BFC2189DC22800464FD9 /* Sources */,
				0743BFC3189DC22800464FD9 /* Frameworks */,
				0743BFC4189DC22800464FD9 /* Headers */,
				9A632B48F3A144F6A2450529 /* Copy Pods Resources */,
				07F6A3BA18BFA15B00A0DD32 /* ShellScript */,
			);
			buildRules = (
			);
			dependencies = (
			);
			name = ObjectiveBitcoin;
			productName = ObjectiveBitcoin;
			productReference = 0743BFC6189DC22800464FD9 /* libObjectiveBitcoin.a */;
			productType = "com.apple.product-type.library.static";
		};
		0743BFD8189DC22800464FD9 /* ObjectiveBitcoinTests */ = {
			isa = PBXNativeTarget;
			buildConfigurationList = 0743BFED189DC22900464FD9 /* Build configuration list for PBXNativeTarget "ObjectiveBitcoinTests" */;
			buildPhases = (
				E35FA82A38A142EC84C807C7 /* Check Pods Manifest.lock */,
				0743BFD5189DC22800464FD9 /* Sources */,
				0743BFD6189DC22800464FD9 /* Frameworks */,
				0743BFD7189DC22800464FD9 /* Resources */,
				D10C3C201D7945999CE367EC /* Copy Pods Resources */,
			);
			buildRules = (
			);
			dependencies = (
				0743BFDE189DC22900464FD9 /* PBXTargetDependency */,
			);
			name = ObjectiveBitcoinTests;
			productName = ObjectiveBitcoinTests;
			productReference = 0743BFD9189DC22800464FD9 /* ObjectiveBitcoinTests.xctest */;
			productType = "com.apple.product-type.bundle.unit-test";
		};
/* End PBXNativeTarget section */

/* Begin PBXProject section */
		0743BFBE189DC22800464FD9 /* Project object */ = {
			isa = PBXProject;
			attributes = {
				LastUpgradeCheck = 0500;
				ORGANIZATIONNAME = Sandalsoft;
			};
			buildConfigurationList = 0743BFC1189DC22800464FD9 /* Build configuration list for PBXProject "ObjectiveBitcoin" */;
			compatibilityVersion = "Xcode 3.2";
			developmentRegion = English;
			hasScannedForEncodings = 0;
			knownRegions = (
				en,
			);
			mainGroup = 0743BFBD189DC22800464FD9;
			productRefGroup = 0743BFC7189DC22800464FD9 /* Products */;
			projectDirPath = "";
			projectRoot = "";
			targets = (
				0743BFC5189DC22800464FD9 /* ObjectiveBitcoin */,
				0743BFD8189DC22800464FD9 /* ObjectiveBitcoinTests */,
			);
		};
/* End PBXProject section */

/* Begin PBXResourcesBuildPhase section */
		0743BFD7189DC22800464FD9 /* Resources */ = {
			isa = PBXResourcesBuildPhase;
			buildActionMask = 2147483647;
			files = (
				07253EA818C01F2300689FD2 /* getreceivedbyaccount.json in Resources */,
				07B46EB418C299A000DEAD3D /* getrawmempool.json in Resources */,
				07C7CE3618C50EDE00F501DE /* getblockhash.json in Resources */,
				07253EB218C051AA00689FD2 /* getblockcount.json in Resources */,
				07152FE918BD06CB007035A2 /* validateaddress.json in Resources */,
				07152FE518BD06CB007035A2 /* getrawtransaction.json in Resources */,
				07152FE818BD06CB007035A2 /* listunspent.json in Resources */,
				07152FE418BD06CB007035A2 /* getpeerinfo.json in Resources */,
				07152FE218BD06CB007035A2 /* getblock.json in Resources */,
				07253EAE18C02DE600689FD2 /* getreceivedbyaddress.json in Resources */,
				07253EAC18C02CEB00689FD2 /* getnewaddress.json in Resources */,
				07D4A4E518CA01AD00C588C8 /* dumpprivatekeyforaddress.json in Resources */,
				07FEF6FE18C24E39007D1FA4 /* getconnectioncount.json in Resources */,
				07152FE718BD06CB007035A2 /* listaccounts.json in Resources */,
				07C7CE3418C4413600F501DE /* getmininginfo.json in Resources */,
				07E9589A18C251C9001E7FFA /* getgenerate.json in Resources */,
				07C7CE3818C6D4F800F501DE /* getwork.json in Resources */,
				07152FE618BD06CB007035A2 /* gettransaction.json in Resources */,
				0743BFE5189DC22900464FD9 /* InfoPlist.strings in Resources */,
				07152FE318BD06CB007035A2 /* getinfo.json in Resources */,
				07C7CE3A18C7BF5D00F501DE /* getworkfordata.json in Resources */,
				07CAF55F18BF09C600A7C3F1 /* getbalance_test_1.json in Resources */,
				07CAF56018BF09C600A7C3F1 /* getbalance.json in Resources */,
				07253EAA18C01F4600689FD2 /* getreceivedbyaccount_test_9999999.json in Resources */,
				07253EB818C0587F00689FD2 /* gethashespersecond.json in Resources */,
				07253EBA18C0FC5F00689FD2 /* getdifficulty.json in Resources */,
			);
			runOnlyForDeploymentPostprocessing = 0;
		};
/* End PBXResourcesBuildPhase section */

/* Begin PBXShellScriptBuildPhase section */
		07F6A3BA18BFA15B00A0DD32 /* ShellScript */ = {
			isa = PBXShellScriptBuildPhase;
			buildActionMask = 2147483647;
			files = (
			);
			inputPaths = (
			);
			outputPaths = (
			);
			runOnlyForDeploymentPostprocessing = 0;
			shellPath = /bin/sh;
			shellScript = "#if [ ${CONFIGURATION} == \"Release\" ]; then\nAPPLEDOC_PATH=/usr/local/bin/appledoc\nif [ $APPLEDOC_PATH ]; then\n\n$APPLEDOC_PATH \\\n--project-name ${PRODUCT_NAME} \\\n--project-company \"Eric Nelson\" \\\n--company-id \"com.sandalsoft\" \\\n--output ${PRODUCT_NAME}Docs \\\n--keep-undocumented-objects \\\n--keep-undocumented-members \\\n--keep-intermediate-files \\\n--no-repeat-first-par \\\n--no-warn-invalid-crossref \\\n--exit-threshold 2 \\\n${PROJECT_DIR}/${PRODUCT_NAME}\nfi;\n#fi;";
		};
		382A1DBD27404992A7B8F48F /* Check Pods Manifest.lock */ = {
			isa = PBXShellScriptBuildPhase;
			buildActionMask = 2147483647;
			files = (
			);
			inputPaths = (
			);
			name = "Check Pods Manifest.lock";
			outputPaths = (
			);
			runOnlyForDeploymentPostprocessing = 0;
			shellPath = /bin/sh;
			shellScript = "diff \"${PODS_ROOT}/../Podfile.lock\" \"${PODS_ROOT}/Manifest.lock\" > /dev/null\nif [[ $? != 0 ]] ; then\n    cat << EOM\nerror: The sandbox is not in sync with the Podfile.lock. Run 'pod install' or update your CocoaPods installation.\nEOM\n    exit 1\nfi\n";
			showEnvVarsInLog = 0;
		};
		9A632B48F3A144F6A2450529 /* Copy Pods Resources */ = {
			isa = PBXShellScriptBuildPhase;
			buildActionMask = 2147483647;
			files = (
			);
			inputPaths = (
			);
			name = "Copy Pods Resources";
			outputPaths = (
			);
			runOnlyForDeploymentPostprocessing = 0;
			shellPath = /bin/sh;
			shellScript = "\"${SRCROOT}/Pods/Pods-resources.sh\"\n";
			showEnvVarsInLog = 0;
		};
		D10C3C201D7945999CE367EC /* Copy Pods Resources */ = {
			isa = PBXShellScriptBuildPhase;
			buildActionMask = 2147483647;
			files = (
			);
			inputPaths = (
			);
			name = "Copy Pods Resources";
			outputPaths = (
			);
			runOnlyForDeploymentPostprocessing = 0;
			shellPath = /bin/sh;
			shellScript = "\"${SRCROOT}/Pods/Pods-resources.sh\"\n";
			showEnvVarsInLog = 0;
		};
		E35FA82A38A142EC84C807C7 /* Check Pods Manifest.lock */ = {
			isa = PBXShellScriptBuildPhase;
			buildActionMask = 2147483647;
			files = (
			);
			inputPaths = (
			);
			name = "Check Pods Manifest.lock";
			outputPaths = (
			);
			runOnlyForDeploymentPostprocessing = 0;
			shellPath = /bin/sh;
			shellScript = "diff \"${PODS_ROOT}/../Podfile.lock\" \"${PODS_ROOT}/Manifest.lock\" > /dev/null\nif [[ $? != 0 ]] ; then\n    cat << EOM\nerror: The sandbox is not in sync with the Podfile.lock. Run 'pod install' or update your CocoaPods installation.\nEOM\n    exit 1\nfi\n";
			showEnvVarsInLog = 0;
		};
/* End PBXShellScriptBuildPhase section */

/* Begin PBXSourcesBuildPhase section */
		0743BFC2189DC22800464FD9 /* Sources */ = {
			isa = PBXSourcesBuildPhase;
			buildActionMask = 2147483647;
			files = (
				0743BFF7189E9B6600464FD9 /* BitcoinRawTransaction.m in Sources */,
				07152FC918BBB94E007035A2 /* Account.m in Sources */,
				0743BFD4189DC22800464FD9 /* ObjectiveBitcoin.m in Sources */,
				07152FCD18BBC3CF007035A2 /* BitcoindNode.m in Sources */,
				07253EB618C053AF00689FD2 /* Contstants.m in Sources */,
				07D0067818B02F1B00D68CC8 /* BitcoinTransaction.m in Sources */,
				07920D1118BA96630076BE43 /* BitcoinAddress.m in Sources */,
				07745BAE18B911E50096A376 /* BitcoindInfo.m in Sources */,
				0743BFF3189DC27600464FD9 /* BitcoinBlock.m in Sources */,
				07745BAA18B9078A0096A376 /* BitcoindJSONRPCClient.m in Sources */,
			);
			runOnlyForDeploymentPostprocessing = 0;
		};
		0743BFD5189DC22800464FD9 /* Sources */ = {
			isa = PBXSourcesBuildPhase;
			buildActionMask = 2147483647;
			files = (
				0743BFE7189DC22900464FD9 /* ObjectiveBitcoinTests.m in Sources */,
				07152FF018BD1B1D007035A2 /* BitcoindJSONRPCClientTests.m in Sources */,
			);
			runOnlyForDeploymentPostprocessing = 0;
		};
/* End PBXSourcesBuildPhase section */

/* Begin PBXTargetDependency section */
		0743BFDE189DC22900464FD9 /* PBXTargetDependency */ = {
			isa = PBXTargetDependency;
			target = 0743BFC5189DC22800464FD9 /* ObjectiveBitcoin */;
			targetProxy = 0743BFDD189DC22900464FD9 /* PBXContainerItemProxy */;
		};
/* End PBXTargetDependency section */

/* Begin PBXVariantGroup section */
		0743BFE3189DC22900464FD9 /* InfoPlist.strings */ = {
			isa = PBXVariantGroup;
			children = (
				0743BFE4189DC22900464FD9 /* en */,
			);
			name = InfoPlist.strings;
			sourceTree = "<group>";
		};
/* End PBXVariantGroup section */

/* Begin XCBuildConfiguration section */
		0743BFE8189DC22900464FD9 /* Debug */ = {
			isa = XCBuildConfiguration;
			buildSettings = {
				ALWAYS_SEARCH_USER_PATHS = NO;
				CLANG_CXX_LANGUAGE_STANDARD = "gnu++0x";
				CLANG_CXX_LIBRARY = "libc++";
				CLANG_ENABLE_OBJC_ARC = YES;
				CLANG_WARN_BOOL_CONVERSION = YES;
				CLANG_WARN_CONSTANT_CONVERSION = YES;
				CLANG_WARN_DIRECT_OBJC_ISA_USAGE = YES_ERROR;
				CLANG_WARN_EMPTY_BODY = YES;
				CLANG_WARN_ENUM_CONVERSION = YES;
				CLANG_WARN_INT_CONVERSION = YES;
				CLANG_WARN_OBJC_ROOT_CLASS = YES_ERROR;
				CLANG_WARN__DUPLICATE_METHOD_MATCH = YES;
				COPY_PHASE_STRIP = NO;
				GCC_C_LANGUAGE_STANDARD = gnu99;
				GCC_DYNAMIC_NO_PIC = NO;
				GCC_ENABLE_OBJC_EXCEPTIONS = YES;
				GCC_OPTIMIZATION_LEVEL = 0;
				GCC_PREPROCESSOR_DEFINITIONS = (
					"DEBUG=1",
					"$(inherited)",
				);
				GCC_SYMBOLS_PRIVATE_EXTERN = NO;
				GCC_WARN_64_TO_32_BIT_CONVERSION = YES;
				GCC_WARN_ABOUT_RETURN_TYPE = YES_ERROR;
				GCC_WARN_UNDECLARED_SELECTOR = YES;
				GCC_WARN_UNINITIALIZED_AUTOS = YES;
				GCC_WARN_UNUSED_FUNCTION = YES;
				GCC_WARN_UNUSED_VARIABLE = YES;
				MACOSX_DEPLOYMENT_TARGET = 10.9;
				ONLY_ACTIVE_ARCH = YES;
				SDKROOT = macosx;
			};
			name = Debug;
		};
		0743BFE9189DC22900464FD9 /* Release */ = {
			isa = XCBuildConfiguration;
			buildSettings = {
				ALWAYS_SEARCH_USER_PATHS = NO;
				CLANG_CXX_LANGUAGE_STANDARD = "gnu++0x";
				CLANG_CXX_LIBRARY = "libc++";
				CLANG_ENABLE_OBJC_ARC = YES;
				CLANG_WARN_BOOL_CONVERSION = YES;
				CLANG_WARN_CONSTANT_CONVERSION = YES;
				CLANG_WARN_DIRECT_OBJC_ISA_USAGE = YES_ERROR;
				CLANG_WARN_EMPTY_BODY = YES;
				CLANG_WARN_ENUM_CONVERSION = YES;
				CLANG_WARN_INT_CONVERSION = YES;
				CLANG_WARN_OBJC_ROOT_CLASS = YES_ERROR;
				CLANG_WARN__DUPLICATE_METHOD_MATCH = YES;
				COPY_PHASE_STRIP = YES;
				DEBUG_INFORMATION_FORMAT = "dwarf-with-dsym";
				ENABLE_NS_ASSERTIONS = NO;
				GCC_C_LANGUAGE_STANDARD = gnu99;
				GCC_ENABLE_OBJC_EXCEPTIONS = YES;
				GCC_WARN_64_TO_32_BIT_CONVERSION = YES;
				GCC_WARN_ABOUT_RETURN_TYPE = YES_ERROR;
				GCC_WARN_UNDECLARED_SELECTOR = YES;
				GCC_WARN_UNINITIALIZED_AUTOS = YES;
				GCC_WARN_UNUSED_FUNCTION = YES;
				GCC_WARN_UNUSED_VARIABLE = YES;
				MACOSX_DEPLOYMENT_TARGET = 10.9;
				SDKROOT = macosx;
			};
			name = Release;
		};
		0743BFEB189DC22900464FD9 /* Debug */ = {
			isa = XCBuildConfiguration;
			baseConfigurationReference = 425FE78FF73B4764AE68215B /* Pods.xcconfig */;
			buildSettings = {
				GCC_PRECOMPILE_PREFIX_HEADER = YES;
				GCC_PREFIX_HEADER = "ObjectiveBitcoin/ObjectiveBitcoin-Prefix.pch";
				PRODUCT_NAME = "$(TARGET_NAME)";
			};
			name = Debug;
		};
		0743BFEC189DC22900464FD9 /* Release */ = {
			isa = XCBuildConfiguration;
			baseConfigurationReference = 425FE78FF73B4764AE68215B /* Pods.xcconfig */;
			buildSettings = {
				GCC_PRECOMPILE_PREFIX_HEADER = YES;
				GCC_PREFIX_HEADER = "ObjectiveBitcoin/ObjectiveBitcoin-Prefix.pch";
				PRODUCT_NAME = "$(TARGET_NAME)";
			};
			name = Release;
		};
		0743BFEE189DC22900464FD9 /* Debug */ = {
			isa = XCBuildConfiguration;
			baseConfigurationReference = 425FE78FF73B4764AE68215B /* Pods.xcconfig */;
			buildSettings = {
				COMBINE_HIDPI_IMAGES = YES;
				FRAMEWORK_SEARCH_PATHS = (
					"$(DEVELOPER_FRAMEWORKS_DIR)",
					"$(inherited)",
				);
				GCC_PRECOMPILE_PREFIX_HEADER = YES;
				GCC_PREFIX_HEADER = "ObjectiveBitcoin/ObjectiveBitcoin-Prefix.pch";
				GCC_PREPROCESSOR_DEFINITIONS = (
					"DEBUG=1",
					"$(inherited)",
				);
				INFOPLIST_FILE = "ObjectiveBitcoinTests/ObjectiveBitcoinTests-Info.plist";
				LIBRARY_SEARCH_PATHS = (
					"$(inherited)",
					"$(USER_LIBRARY_DIR)/Developer/Xcode/DerivedData/ObjectiveBitcoin-bvtqsoqqlgkwwbbgdgsvdfuptere/Build/Products/Debug",
				);
				PRODUCT_NAME = "$(TARGET_NAME)";
				WRAPPER_EXTENSION = xctest;
			};
			name = Debug;
		};
		0743BFEF189DC22900464FD9 /* Release */ = {
			isa = XCBuildConfiguration;
			baseConfigurationReference = 425FE78FF73B4764AE68215B /* Pods.xcconfig */;
			buildSettings = {
				COMBINE_HIDPI_IMAGES = YES;
				FRAMEWORK_SEARCH_PATHS = (
					"$(DEVELOPER_FRAMEWORKS_DIR)",
					"$(inherited)",
				);
				GCC_PRECOMPILE_PREFIX_HEADER = YES;
				GCC_PREFIX_HEADER = "ObjectiveBitcoin/ObjectiveBitcoin-Prefix.pch";
				INFOPLIST_FILE = "ObjectiveBitcoinTests/ObjectiveBitcoinTests-Info.plist";
				LIBRARY_SEARCH_PATHS = (
					"$(inherited)",
					"$(USER_LIBRARY_DIR)/Developer/Xcode/DerivedData/ObjectiveBitcoin-bvtqsoqqlgkwwbbgdgsvdfuptere/Build/Products/Debug",
				);
				PRODUCT_NAME = "$(TARGET_NAME)";
				WRAPPER_EXTENSION = xctest;
			};
			name = Release;
		};
/* End XCBuildConfiguration section */

/* Begin XCConfigurationList section */
		0743BFC1189DC22800464FD9 /* Build configuration list for PBXProject "ObjectiveBitcoin" */ = {
			isa = XCConfigurationList;
			buildConfigurations = (
				0743BFE8189DC22900464FD9 /* Debug */,
				0743BFE9189DC22900464FD9 /* Release */,
			);
			defaultConfigurationIsVisible = 0;
			defaultConfigurationName = Release;
		};
		0743BFEA189DC22900464FD9 /* Build configuration list for PBXNativeTarget "ObjectiveBitcoin" */ = {
			isa = XCConfigurationList;
			buildConfigurations = (
				0743BFEB189DC22900464FD9 /* Debug */,
				0743BFEC189DC22900464FD9 /* Release */,
			);
			defaultConfigurationIsVisible = 0;
			defaultConfigurationName = Release;
		};
		0743BFED189DC22900464FD9 /* Build configuration list for PBXNativeTarget "ObjectiveBitcoinTests" */ = {
			isa = XCConfigurationList;
			buildConfigurations = (
				0743BFEE189DC22900464FD9 /* Debug */,
				0743BFEF189DC22900464FD9 /* Release */,
			);
			defaultConfigurationIsVisible = 0;
			defaultConfigurationName = Release;
		};
/* End XCConfigurationList section */
	};
	rootObject = 0743BFBE189DC22800464FD9 /* Project object */;
}
